
Microsoft Visual Studio Solution File, Format Version 12.00
# Visual Studio Version 16
VisualStudioVersion = 16.0.32106.194
MinimumVisualStudioVersion = 10.0.40219.1
Project("{FAE04EC0-301F-11D3-BF4B-00C04F79EFBC}") = "PIIIProject", "PIIIProject\PIIIProject.csproj", "{F486A73E-81DB-41D8-ACD0-DDAE69543A50}"
EndProject
Global
	GlobalSection(SolutionConfigurationPlatforms) = preSolution
		Debug|Any CPU = Debug|Any CPU
		Release|Any CPU = Release|Any CPU
	EndGlobalSection
	GlobalSection(ProjectConfigurationPlatforms) = postSolution
		{F486A73E-81DB-41D8-ACD0-DDAE69543A50}.Debug|Any CPU.ActiveCfg = Debug|Any CPU
		{F486A73E-81DB-41D8-ACD0-DDAE69543A50}.Debug|Any CPU.Build.0 = Debug|Any CPU
		{F486A73E-81DB-41D8-ACD0-DDAE69543A50}.Release|Any CPU.ActiveCfg = Release|Any CPU
		{F486A73E-81DB-41D8-ACD0-DDAE69543A50}.Release|Any CPU.Build.0 = Release|Any CPU
	EndGlobalSection
	GlobalSection(SolutionProperties) = preSolution
		HideSolutionNode = FALSE
	EndGlobalSection
	GlobalSection(ExtensibilityGlobals) = postSolution
		SolutionGuid = {D78FFD7F-4943-4528-86D3-9892D00C0357}
	EndGlobalSection
EndGlobal
